
Microsoft Visual Studio Solution File, Format Version 12.00
# Visual Studio Version 17
VisualStudioVersion = 17.1.32228.430
MinimumVisualStudioVersion = 10.0.40219.1
Project("{9A19103F-16F7-4668-BE54-9A1E7A4F7556}") = "PetShop.Web", "PetShop.Web.csproj", "{9C19AB48-199C-467C-BECA-CCFC66BDFE72}"
EndProject
Project("{9A19103F-16F7-4668-BE54-9A1E7A4F7556}") = "PetShop.EF", "..\PetShop.EF\PetShop.EF.csproj", "{10463B4B-8B45-4DA3-901D-E9891293D858}"
EndProject
Project("{FAE04EC0-301F-11D3-BF4B-00C04F79EFBC}") = "PetShop.Model", "..\PetShop.Model\PetShop.Model.csproj", "{DCACA31E-4C72-4668-9E47-B63D669A953F}"
EndProject
Global
	GlobalSection(SolutionConfigurationPlatforms) = preSolution
		Debug|Any CPU = Debug|Any CPU
		Release|Any CPU = Release|Any CPU
	EndGlobalSection
	GlobalSection(ProjectConfigurationPlatforms) = postSolution
		{9C19AB48-199C-467C-BECA-CCFC66BDFE72}.Debug|Any CPU.ActiveCfg = Debug|Any CPU
		{9C19AB48-199C-467C-BECA-CCFC66BDFE72}.Debug|Any CPU.Build.0 = Debug|Any CPU
		{9C19AB48-199C-467C-BECA-CCFC66BDFE72}.Release|Any CPU.ActiveCfg = Release|Any CPU
		{9C19AB48-199C-467C-BECA-CCFC66BDFE72}.Release|Any CPU.Build.0 = Release|Any CPU
		{10463B4B-8B45-4DA3-901D-E9891293D858}.Debug|Any CPU.ActiveCfg = Debug|Any CPU
		{10463B4B-8B45-4DA3-901D-E9891293D858}.Debug|Any CPU.Build.0 = Debug|Any CPU
		{10463B4B-8B45-4DA3-901D-E9891293D858}.Release|Any CPU.ActiveCfg = Release|Any CPU
		{10463B4B-8B45-4DA3-901D-E9891293D858}.Release|Any CPU.Build.0 = Release|Any CPU
		{DCACA31E-4C72-4668-9E47-B63D669A953F}.Debug|Any CPU.ActiveCfg = Debug|Any CPU
		{DCACA31E-4C72-4668-9E47-B63D669A953F}.Debug|Any CPU.Build.0 = Debug|Any CPU
		{DCACA31E-4C72-4668-9E47-B63D669A953F}.Release|Any CPU.ActiveCfg = Release|Any CPU
		{DCACA31E-4C72-4668-9E47-B63D669A953F}.Release|Any CPU.Build.0 = Release|Any CPU
	EndGlobalSection
	GlobalSection(SolutionProperties) = preSolution
		HideSolutionNode = FALSE
	EndGlobalSection
	GlobalSection(ExtensibilityGlobals) = postSolution
		SolutionGuid = {849A6F02-6CB1-4805-BA6C-2A147413956E}
	EndGlobalSection
EndGlobal
